
Microsoft Visual Studio Solution File, Format Version 12.00
# Visual Studio Version 17
VisualStudioVersion = 17.1.32228.430
MinimumVisualStudioVersion = 10.0.40219.1
Project("{FAE04EC0-301F-11D3-BF4B-00C04F79EFBC}") = "Eco", "Eco\Eco.csproj", "{2B9D0EFF-855C-4C9C-B86A-C832F3EC8A4E}"
EndProject
Global
	GlobalSection(SolutionConfigurationPlatforms) = preSolution
		Debug|Any CPU = Debug|Any CPU
		Release|Any CPU = Release|Any CPU
	EndGlobalSection
	GlobalSection(ProjectConfigurationPlatforms) = postSolution
		{2B9D0EFF-855C-4C9C-B86A-C832F3EC8A4E}.Debug|Any CPU.ActiveCfg = Debug|Any CPU
		{2B9D0EFF-855C-4C9C-B86A-C832F3EC8A4E}.Debug|Any CPU.Build.0 = Debug|Any CPU
		{2B9D0EFF-855C-4C9C-B86A-C832F3EC8A4E}.Release|Any CPU.ActiveCfg = Release|Any CPU
		{2B9D0EFF-855C-4C9C-B86A-C832F3EC8A4E}.Release|Any CPU.Build.0 = Release|Any CPU
	EndGlobalSection
	GlobalSection(SolutionProperties) = preSolution
		HideSolutionNode = FALSE
	EndGlobalSection
	GlobalSection(ExtensibilityGlobals) = postSolution
		SolutionGuid = {F0CA7FAB-58E8-494A-BF48-C433C14D4F68}
	EndGlobalSection
EndGlobal
